// !$*UTF8*$!
{
	archiveVersion = 1;
	classes = {
	};
	objectVersion = 55;
	objects = {

/* Begin PBXBuildFile section */
		B544919B28C971D800DF79F4 /* LandmarksApp.swift in Sources */ = {isa = PBXBuildFile; fileRef = B544918B28C971D600DF79F4 /* LandmarksApp.swift */; };
		B544919C28C971D800DF79F4 /* LandmarksApp.swift in Sources */ = {isa = PBXBuildFile; fileRef = B544918B28C971D600DF79F4 /* LandmarksApp.swift */; };
		B544919D28C971D800DF79F4 /* ContentView.swift in Sources */ = {isa = PBXBuildFile; fileRef = B544918C28C971D600DF79F4 /* ContentView.swift */; };
		B544919E28C971D800DF79F4 /* ContentView.swift in Sources */ = {isa = PBXBuildFile; fileRef = B544918C28C971D600DF79F4 /* ContentView.swift */; };
		B544919F28C971D800DF79F4 /* Assets.xcassets in Resources */ = {isa = PBXBuildFile; fileRef = B544918D28C971D800DF79F4 /* Assets.xcassets */; };
		B54491A028C971D800DF79F4 /* Assets.xcassets in Resources */ = {isa = PBXBuildFile; fileRef = B544918D28C971D800DF79F4 /* Assets.xcassets */; };
		B54491AD28D00F9600DF79F4 /* CircleImage.swift in Sources */ = {isa = PBXBuildFile; fileRef = B54491AC28D00F9600DF79F4 /* CircleImage.swift */; };
		B54491AE28D00F9600DF79F4 /* CircleImage.swift in Sources */ = {isa = PBXBuildFile; fileRef = B54491AC28D00F9600DF79F4 /* CircleImage.swift */; };
		B54491B028D0106600DF79F4 /* MapView.swift in Sources */ = {isa = PBXBuildFile; fileRef = B54491AF28D0106600DF79F4 /* MapView.swift */; };
		B54491B128D0106600DF79F4 /* MapView.swift in Sources */ = {isa = PBXBuildFile; fileRef = B54491AF28D0106600DF79F4 /* MapView.swift */; };
		B54491B328D016FE00DF79F4 /* landmarkData.json in Resources */ = {isa = PBXBuildFile; fileRef = B54491B228D016FE00DF79F4 /* landmarkData.json */; };
		B54491B428D016FE00DF79F4 /* landmarkData.json in Resources */ = {isa = PBXBuildFile; fileRef = B54491B228D016FE00DF79F4 /* landmarkData.json */; };
		B54491B628D0171B00DF79F4 /* Landmark.swift in Sources */ = {isa = PBXBuildFile; fileRef = B54491B528D0171B00DF79F4 /* Landmark.swift */; };
		B54491B728D0171B00DF79F4 /* Landmark.swift in Sources */ = {isa = PBXBuildFile; fileRef = B54491B528D0171B00DF79F4 /* Landmark.swift */; };
		B54491B928D01A3000DF79F4 /* ModelData.swift in Sources */ = {isa = PBXBuildFile; fileRef = B54491B828D01A3000DF79F4 /* ModelData.swift */; };
		B54491BA28D01A3000DF79F4 /* ModelData.swift in Sources */ = {isa = PBXBuildFile; fileRef = B54491B828D01A3000DF79F4 /* ModelData.swift */; };
		B54491C728D01E4E00DF79F4 /* LandmarkRow.swift in Sources */ = {isa = PBXBuildFile; fileRef = B54491C628D01E4E00DF79F4 /* LandmarkRow.swift */; };
		B54491C828D01E4E00DF79F4 /* LandmarkRow.swift in Sources */ = {isa = PBXBuildFile; fileRef = B54491C628D01E4E00DF79F4 /* LandmarkRow.swift */; };
		B54491CA28D0390400DF79F4 /* LandmarkList.swift in Sources */ = {isa = PBXBuildFile; fileRef = B54491C928D0390400DF79F4 /* LandmarkList.swift */; };
		B54491CB28D0390400DF79F4 /* LandmarkList.swift in Sources */ = {isa = PBXBuildFile; fileRef = B54491C928D0390400DF79F4 /* LandmarkList.swift */; };
		B54491CD28D03AC200DF79F4 /* LandmarkDetail.swift in Sources */ = {isa = PBXBuildFile; fileRef = B54491CC28D03AC200DF79F4 /* LandmarkDetail.swift */; };
		B54491CE28D03AC200DF79F4 /* LandmarkDetail.swift in Sources */ = {isa = PBXBuildFile; fileRef = B54491CC28D03AC200DF79F4 /* LandmarkDetail.swift */; };
		B54491D028D056B300DF79F4 /* FavoriteButton.swift in Sources */ = {isa = PBXBuildFile; fileRef = B54491CF28D056B300DF79F4 /* FavoriteButton.swift */; };
		B54491D128D056B300DF79F4 /* FavoriteButton.swift in Sources */ = {isa = PBXBuildFile; fileRef = B54491CF28D056B300DF79F4 /* FavoriteButton.swift */; };
		B54491D528D05A3000DF79F4 /* HexagonParameters.swift in Sources */ = {isa = PBXBuildFile; fileRef = B54491D428D05A3000DF79F4 /* HexagonParameters.swift */; };
		B54491D628D05A3000DF79F4 /* HexagonParameters.swift in Sources */ = {isa = PBXBuildFile; fileRef = B54491D428D05A3000DF79F4 /* HexagonParameters.swift */; };
		B54491D828D05CBF00DF79F4 /* BadgeBackground.swift in Sources */ = {isa = PBXBuildFile; fileRef = B54491D728D05CBF00DF79F4 /* BadgeBackground.swift */; };
		B54491D928D05CBF00DF79F4 /* BadgeBackground.swift in Sources */ = {isa = PBXBuildFile; fileRef = B54491D728D05CBF00DF79F4 /* BadgeBackground.swift */; };
		B54491DB28D0744A00DF79F4 /* BadgeSymbol.swift in Sources */ = {isa = PBXBuildFile; fileRef = B54491DA28D0744A00DF79F4 /* BadgeSymbol.swift */; };
		B54491DC28D0744A00DF79F4 /* BadgeSymbol.swift in Sources */ = {isa = PBXBuildFile; fileRef = B54491DA28D0744A00DF79F4 /* BadgeSymbol.swift */; };
		B54491DE28D0772700DF79F4 /* RotatedBadgeSymbol.swift in Sources */ = {isa = PBXBuildFile; fileRef = B54491DD28D0772700DF79F4 /* RotatedBadgeSymbol.swift */; };
		B54491DF28D0772700DF79F4 /* RotatedBadgeSymbol.swift in Sources */ = {isa = PBXBuildFile; fileRef = B54491DD28D0772700DF79F4 /* RotatedBadgeSymbol.swift */; };
		B54491E228D078CA00DF79F4 /* Badge.swift in Sources */ = {isa = PBXBuildFile; fileRef = B54491E128D078CA00DF79F4 /* Badge.swift */; };
		B54491E328D078CA00DF79F4 /* Badge.swift in Sources */ = {isa = PBXBuildFile; fileRef = B54491E128D078CA00DF79F4 /* Badge.swift */; };
		B54491E528D07DB700DF79F4 /* hikeData.json in Resources */ = {isa = PBXBuildFile; fileRef = B54491E428D07DB700DF79F4 /* hikeData.json */; };
		B54491E628D07DB700DF79F4 /* hikeData.json in Resources */ = {isa = PBXBuildFile; fileRef = B54491E428D07DB700DF79F4 /* hikeData.json */; };
		B54491E828D07DE500DF79F4 /* Hike.swift in Sources */ = {isa = PBXBuildFile; fileRef = B54491E728D07DE500DF79F4 /* Hike.swift */; };
		B54491E928D07DE500DF79F4 /* Hike.swift in Sources */ = {isa = PBXBuildFile; fileRef = B54491E728D07DE500DF79F4 /* Hike.swift */; };
		B54491EF28D1562F00DF79F4 /* GraphCapsule.swift in Sources */ = {isa = PBXBuildFile; fileRef = B54491EB28D1562F00DF79F4 /* GraphCapsule.swift */; };
		B54491F028D1562F00DF79F4 /* GraphCapsule.swift in Sources */ = {isa = PBXBuildFile; fileRef = B54491EB28D1562F00DF79F4 /* GraphCapsule.swift */; };
		B54491F128D1562F00DF79F4 /* HikeGraph.swift in Sources */ = {isa = PBXBuildFile; fileRef = B54491EC28D1562F00DF79F4 /* HikeGraph.swift */; };
		B54491F228D1562F00DF79F4 /* HikeGraph.swift in Sources */ = {isa = PBXBuildFile; fileRef = B54491EC28D1562F00DF79F4 /* HikeGraph.swift */; };
		B54491F328D1562F00DF79F4 /* HikeDetail.swift in Sources */ = {isa = PBXBuildFile; fileRef = B54491ED28D1562F00DF79F4 /* HikeDetail.swift */; };
		B54491F428D1562F00DF79F4 /* HikeDetail.swift in Sources */ = {isa = PBXBuildFile; fileRef = B54491ED28D1562F00DF79F4 /* HikeDetail.swift */; };
		B54491F528D1562F00DF79F4 /* HikeView.swift in Sources */ = {isa = PBXBuildFile; fileRef = B54491EE28D1562F00DF79F4 /* HikeView.swift */; };
		B54491F628D1562F00DF79F4 /* HikeView.swift in Sources */ = {isa = PBXBuildFile; fileRef = B54491EE28D1562F00DF79F4 /* HikeView.swift */; };
		B54491F928D15D5600DF79F4 /* CategoryHome.swift in Sources */ = {isa = PBXBuildFile; fileRef = B54491F828D15D5600DF79F4 /* CategoryHome.swift */; };
		B54491FA28D15D5600DF79F4 /* CategoryHome.swift in Sources */ = {isa = PBXBuildFile; fileRef = B54491F828D15D5600DF79F4 /* CategoryHome.swift */; };
		B54491FC28D1600400DF79F4 /* CategoryRow.swift in Sources */ = {isa = PBXBuildFile; fileRef = B54491FB28D1600400DF79F4 /* CategoryRow.swift */; };
		B54491FD28D1600400DF79F4 /* CategoryRow.swift in Sources */ = {isa = PBXBuildFile; fileRef = B54491FB28D1600400DF79F4 /* CategoryRow.swift */; };
		B54491FF28D161AE00DF79F4 /* CategoryItem.swift in Sources */ = {isa = PBXBuildFile; fileRef = B54491FE28D161AE00DF79F4 /* CategoryItem.swift */; };
		B544920028D161AE00DF79F4 /* CategoryItem.swift in Sources */ = {isa = PBXBuildFile; fileRef = B54491FE28D161AE00DF79F4 /* CategoryItem.swift */; };
		B544920228D16A2600DF79F4 /* Profile.swift in Sources */ = {isa = PBXBuildFile; fileRef = B544920128D16A2600DF79F4 /* Profile.swift */; };
		B544920328D16A2600DF79F4 /* Profile.swift in Sources */ = {isa = PBXBuildFile; fileRef = B544920128D16A2600DF79F4 /* Profile.swift */; };
		B544920728D16BC300DF79F4 /* ProfileHost.swift in Sources */ = {isa = PBXBuildFile; fileRef = B544920628D16BC300DF79F4 /* ProfileHost.swift */; };
		B544920828D16BC300DF79F4 /* ProfileHost.swift in Sources */ = {isa = PBXBuildFile; fileRef = B544920628D16BC300DF79F4 /* ProfileHost.swift */; };
		B544920A28D16C1500DF79F4 /* ProfileSummary.swift in Sources */ = {isa = PBXBuildFile; fileRef = B544920928D16C1500DF79F4 /* ProfileSummary.swift */; };
		B544920B28D16C1500DF79F4 /* ProfileSummary.swift in Sources */ = {isa = PBXBuildFile; fileRef = B544920928D16C1500DF79F4 /* ProfileSummary.swift */; };
		B544920D28D16D8100DF79F4 /* HikeBadge.swift in Sources */ = {isa = PBXBuildFile; fileRef = B544920C28D16D8100DF79F4 /* HikeBadge.swift */; };
		B544920E28D16D8100DF79F4 /* HikeBadge.swift in Sources */ = {isa = PBXBuildFile; fileRef = B544920C28D16D8100DF79F4 /* HikeBadge.swift */; };
		B544921028D1910000DF79F4 /* ProfileEditor.swift in Sources */ = {isa = PBXBuildFile; fileRef = B544920F28D1910000DF79F4 /* ProfileEditor.swift */; };
		B544921128D1910000DF79F4 /* ProfileEditor.swift in Sources */ = {isa = PBXBuildFile; fileRef = B544920F28D1910000DF79F4 /* ProfileEditor.swift */; };
		B544921428D198DB00DF79F4 /* PageViewController.swift in Sources */ = {isa = PBXBuildFile; fileRef = B544921328D198DB00DF79F4 /* PageViewController.swift */; };
		B544921528D198DB00DF79F4 /* PageViewController.swift in Sources */ = {isa = PBXBuildFile; fileRef = B544921328D198DB00DF79F4 /* PageViewController.swift */; };
		B544921728D1A01B00DF79F4 /* FeatureCard.swift in Sources */ = {isa = PBXBuildFile; fileRef = B544921628D1A01B00DF79F4 /* FeatureCard.swift */; };
		B544921828D1A01B00DF79F4 /* FeatureCard.swift in Sources */ = {isa = PBXBuildFile; fileRef = B544921628D1A01B00DF79F4 /* FeatureCard.swift */; };
		B544921A28D1A2B500DF79F4 /* PageView.swift in Sources */ = {isa = PBXBuildFile; fileRef = B544921928D1A2B500DF79F4 /* PageView.swift */; };
		B544921B28D1A2B500DF79F4 /* PageView.swift in Sources */ = {isa = PBXBuildFile; fileRef = B544921928D1A2B500DF79F4 /* PageView.swift */; };
		B544921D28D1AC7E00DF79F4 /* PageControl.swift in Sources */ = {isa = PBXBuildFile; fileRef = B544921C28D1AC7E00DF79F4 /* PageControl.swift */; };
		B544921E28D1AC7E00DF79F4 /* PageControl.swift in Sources */ = {isa = PBXBuildFile; fileRef = B544921C28D1AC7E00DF79F4 /* PageControl.swift */; };
/* End PBXBuildFile section */

/* Begin PBXFileReference section */
		B544918B28C971D600DF79F4 /* LandmarksApp.swift */ = {isa = PBXFileReference; lastKnownFileType = sourcecode.swift; path = LandmarksApp.swift; sourceTree = "<group>"; };
		B544918C28C971D600DF79F4 /* ContentView.swift */ = {isa = PBXFileReference; lastKnownFileType = sourcecode.swift; path = ContentView.swift; sourceTree = "<group>"; };
		B544918D28C971D800DF79F4 /* Assets.xcassets */ = {isa = PBXFileReference; lastKnownFileType = folder.assetcatalog; path = Assets.xcassets; sourceTree = "<group>"; };
		B544919228C971D800DF79F4 /* Landmarks.app */ = {isa = PBXFileReference; explicitFileType = wrapper.application; includeInIndex = 0; path = Landmarks.app; sourceTree = BUILT_PRODUCTS_DIR; };
		B544919828C971D800DF79F4 /* Landmarks.app */ = {isa = PBXFileReference; explicitFileType = wrapper.application; includeInIndex = 0; path = Landmarks.app; sourceTree = BUILT_PRODUCTS_DIR; };
		B544919A28C971D800DF79F4 /* macOS.entitlements */ = {isa = PBXFileReference; lastKnownFileType = text.plist.entitlements; path = macOS.entitlements; sourceTree = "<group>"; };
		B54491AC28D00F9600DF79F4 /* CircleImage.swift */ = {isa = PBXFileReference; lastKnownFileType = sourcecode.swift; path = CircleImage.swift; sourceTree = "<group>"; };
		B54491AF28D0106600DF79F4 /* MapView.swift */ = {isa = PBXFileReference; lastKnownFileType = sourcecode.swift; path = MapView.swift; sourceTree = "<group>"; };
		B54491B228D016FE00DF79F4 /* landmarkData.json */ = {isa = PBXFileReference; fileEncoding = 4; lastKnownFileType = text.json; path = landmarkData.json; sourceTree = "<group>"; };
		B54491B528D0171B00DF79F4 /* Landmark.swift */ = {isa = PBXFileReference; lastKnownFileType = sourcecode.swift; path = Landmark.swift; sourceTree = "<group>"; };
		B54491B828D01A3000DF79F4 /* ModelData.swift */ = {isa = PBXFileReference; lastKnownFileType = sourcecode.swift; path = ModelData.swift; sourceTree = "<group>"; };
		B54491C628D01E4E00DF79F4 /* LandmarkRow.swift */ = {isa = PBXFileReference; lastKnownFileType = sourcecode.swift; path = LandmarkRow.swift; sourceTree = "<group>"; };
		B54491C928D0390400DF79F4 /* LandmarkList.swift */ = {isa = PBXFileReference; lastKnownFileType = sourcecode.swift; path = LandmarkList.swift; sourceTree = "<group>"; };
		B54491CC28D03AC200DF79F4 /* LandmarkDetail.swift */ = {isa = PBXFileReference; lastKnownFileType = sourcecode.swift; path = LandmarkDetail.swift; sourceTree = "<group>"; };
		B54491CF28D056B300DF79F4 /* FavoriteButton.swift */ = {isa = PBXFileReference; lastKnownFileType = sourcecode.swift; path = FavoriteButton.swift; sourceTree = "<group>"; };
		B54491D428D05A3000DF79F4 /* HexagonParameters.swift */ = {isa = PBXFileReference; lastKnownFileType = sourcecode.swift; path = HexagonParameters.swift; sourceTree = "<group>"; };
		B54491D728D05CBF00DF79F4 /* BadgeBackground.swift */ = {isa = PBXFileReference; lastKnownFileType = sourcecode.swift; path = BadgeBackground.swift; sourceTree = "<group>"; };
		B54491DA28D0744A00DF79F4 /* BadgeSymbol.swift */ = {isa = PBXFileReference; lastKnownFileType = sourcecode.swift; path = BadgeSymbol.swift; sourceTree = "<group>"; };
		B54491DD28D0772700DF79F4 /* RotatedBadgeSymbol.swift */ = {isa = PBXFileReference; lastKnownFileType = sourcecode.swift; path = RotatedBadgeSymbol.swift; sourceTree = "<group>"; };
		B54491E128D078CA00DF79F4 /* Badge.swift */ = {isa = PBXFileReference; lastKnownFileType = sourcecode.swift; path = Badge.swift; sourceTree = "<group>"; };
		B54491E428D07DB700DF79F4 /* hikeData.json */ = {isa = PBXFileReference; fileEncoding = 4; lastKnownFileType = text.json; path = hikeData.json; sourceTree = "<group>"; };
		B54491E728D07DE500DF79F4 /* Hike.swift */ = {isa = PBXFileReference; lastKnownFileType = sourcecode.swift; path = Hike.swift; sourceTree = "<group>"; };
		B54491EB28D1562F00DF79F4 /* GraphCapsule.swift */ = {isa = PBXFileReference; fileEncoding = 4; lastKnownFileType = sourcecode.swift; path = GraphCapsule.swift; sourceTree = "<group>"; };
		B54491EC28D1562F00DF79F4 /* HikeGraph.swift */ = {isa = PBXFileReference; fileEncoding = 4; lastKnownFileType = sourcecode.swift; path = HikeGraph.swift; sourceTree = "<group>"; };
		B54491ED28D1562F00DF79F4 /* HikeDetail.swift */ = {isa = PBXFileReference; fileEncoding = 4; lastKnownFileType = sourcecode.swift; path = HikeDetail.swift; sourceTree = "<group>"; };
		B54491EE28D1562F00DF79F4 /* HikeView.swift */ = {isa = PBXFileReference; fileEncoding = 4; lastKnownFileType = sourcecode.swift; path = HikeView.swift; sourceTree = "<group>"; };
		B54491F828D15D5600DF79F4 /* CategoryHome.swift */ = {isa = PBXFileReference; lastKnownFileType = sourcecode.swift; path = CategoryHome.swift; sourceTree = "<group>"; };
		B54491FB28D1600400DF79F4 /* CategoryRow.swift */ = {isa = PBXFileReference; lastKnownFileType = sourcecode.swift; path = CategoryRow.swift; sourceTree = "<group>"; };
		B54491FE28D161AE00DF79F4 /* CategoryItem.swift */ = {isa = PBXFileReference; lastKnownFileType = sourcecode.swift; path = CategoryItem.swift; sourceTree = "<group>"; };
		B544920128D16A2600DF79F4 /* Profile.swift */ = {isa = PBXFileReference; lastKnownFileType = sourcecode.swift; path = Profile.swift; sourceTree = "<group>"; };
		B544920628D16BC300DF79F4 /* ProfileHost.swift */ = {isa = PBXFileReference; lastKnownFileType = sourcecode.swift; path = ProfileHost.swift; sourceTree = "<group>"; };
		B544920928D16C1500DF79F4 /* ProfileSummary.swift */ = {isa = PBXFileReference; lastKnownFileType = sourcecode.swift; path = ProfileSummary.swift; sourceTree = "<group>"; };
		B544920C28D16D8100DF79F4 /* HikeBadge.swift */ = {isa = PBXFileReference; lastKnownFileType = sourcecode.swift; path = HikeBadge.swift; sourceTree = "<group>"; };
		B544920F28D1910000DF79F4 /* ProfileEditor.swift */ = {isa = PBXFileReference; lastKnownFileType = sourcecode.swift; path = ProfileEditor.swift; sourceTree = "<group>"; };
		B544921328D198DB00DF79F4 /* PageViewController.swift */ = {isa = PBXFileReference; lastKnownFileType = sourcecode.swift; path = PageViewController.swift; sourceTree = "<group>"; };
		B544921628D1A01B00DF79F4 /* FeatureCard.swift */ = {isa = PBXFileReference; lastKnownFileType = sourcecode.swift; path = FeatureCard.swift; sourceTree = "<group>"; };
		B544921928D1A2B500DF79F4 /* PageView.swift */ = {isa = PBXFileReference; lastKnownFileType = sourcecode.swift; path = PageView.swift; sourceTree = "<group>"; };
		B544921C28D1AC7E00DF79F4 /* PageControl.swift */ = {isa = PBXFileReference; lastKnownFileType = sourcecode.swift; path = PageControl.swift; sourceTree = "<group>"; };
/* End PBXFileReference section */

/* Begin PBXFrameworksBuildPhase section */
		B544918F28C971D800DF79F4 /* Frameworks */ = {
			isa = PBXFrameworksBuildPhase;
			buildActionMask = 2147483647;
			files = (
			);
			runOnlyForDeploymentPostprocessing = 0;
		};
		B544919528C971D800DF79F4 /* Frameworks */ = {
			isa = PBXFrameworksBuildPhase;
			buildActionMask = 2147483647;
			files = (
			);
			runOnlyForDeploymentPostprocessing = 0;
		};
/* End PBXFrameworksBuildPhase section */

/* Begin PBXGroup section */
		B544918528C971D600DF79F4 = {
			isa = PBXGroup;
			children = (
				B544918A28C971D600DF79F4 /* Shared */,
				B544919928C971D800DF79F4 /* macOS */,
				B544919328C971D800DF79F4 /* Products */,
			);
			sourceTree = "<group>";
		};
		B544918A28C971D600DF79F4 /* Shared */ = {
			isa = PBXGroup;
			children = (
				B54491E028D078AB00DF79F4 /* Badges */,
				B54491BF28D01D7E00DF79F4 /* Resources */,
				B54491BD28D01D6600DF79F4 /* Model */,
				B54491BC28D01D3E00DF79F4 /* Views */,
				B544918B28C971D600DF79F4 /* LandmarksApp.swift */,
				B544918D28C971D800DF79F4 /* Assets.xcassets */,
				B54491EA28D1562F00DF79F4 /* Hikes */,
			);
			path = Shared;
			sourceTree = "<group>";
		};
		B544919328C971D800DF79F4 /* Products */ = {
			isa = PBXGroup;
			children = (
				B544919228C971D800DF79F4 /* Landmarks.app */,
				B544919828C971D800DF79F4 /* Landmarks.app */,
			);
			name = Products;
			sourceTree = "<group>";
		};
		B544919928C971D800DF79F4 /* macOS */ = {
			isa = PBXGroup;
			children = (
				B544919A28C971D800DF79F4 /* macOS.entitlements */,
			);
			path = macOS;
			sourceTree = "<group>";
		};
		B54491BC28D01D3E00DF79F4 /* Views */ = {
			isa = PBXGroup;
			children = (
				B544921228D198C000DF79F4 /* PageView */,
				B544920528D16BB100DF79F4 /* Profiles */,
				B54491F728D15D2300DF79F4 /* Categories */,
				B54491D328D057AA00DF79F4 /* Helpers */,
				B54491D228D0579000DF79F4 /* Landmarks */,
				B544918C28C971D600DF79F4 /* ContentView.swift */,
			);
			path = Views;
			sourceTree = "<group>";
		};
		B54491BD28D01D6600DF79F4 /* Model */ = {
			isa = PBXGroup;
			children = (
				B54491B528D0171B00DF79F4 /* Landmark.swift */,
				B54491B828D01A3000DF79F4 /* ModelData.swift */,
				B54491E728D07DE500DF79F4 /* Hike.swift */,
				B544920128D16A2600DF79F4 /* Profile.swift */,
			);
			path = Model;
			sourceTree = "<group>";
		};
		B54491BF28D01D7E00DF79F4 /* Resources */ = {
			isa = PBXGroup;
			children = (
				B54491B228D016FE00DF79F4 /* landmarkData.json */,
				B54491E428D07DB700DF79F4 /* hikeData.json */,
			);
			path = Resources;
			sourceTree = "<group>";
		};
		B54491D228D0579000DF79F4 /* Landmarks */ = {
			isa = PBXGroup;
			children = (
				B54491C628D01E4E00DF79F4 /* LandmarkRow.swift */,
				B54491C928D0390400DF79F4 /* LandmarkList.swift */,
				B54491CC28D03AC200DF79F4 /* LandmarkDetail.swift */,
			);
			path = Landmarks;
			sourceTree = "<group>";
		};
		B54491D328D057AA00DF79F4 /* Helpers */ = {
			isa = PBXGroup;
			children = (
				B54491AC28D00F9600DF79F4 /* CircleImage.swift */,
				B54491AF28D0106600DF79F4 /* MapView.swift */,
				B54491CF28D056B300DF79F4 /* FavoriteButton.swift */,
			);
			path = Helpers;
			sourceTree = "<group>";
		};
		B54491E028D078AB00DF79F4 /* Badges */ = {
			isa = PBXGroup;
			children = (
				B54491D428D05A3000DF79F4 /* HexagonParameters.swift */,
				B54491D728D05CBF00DF79F4 /* BadgeBackground.swift */,
				B54491DA28D0744A00DF79F4 /* BadgeSymbol.swift */,
				B54491DD28D0772700DF79F4 /* RotatedBadgeSymbol.swift */,
				B54491E128D078CA00DF79F4 /* Badge.swift */,
			);
			path = Badges;
			sourceTree = "<group>";
		};
		B54491EA28D1562F00DF79F4 /* Hikes */ = {
			isa = PBXGroup;
			children = (
				B54491EB28D1562F00DF79F4 /* GraphCapsule.swift */,
				B54491EC28D1562F00DF79F4 /* HikeGraph.swift */,
				B54491ED28D1562F00DF79F4 /* HikeDetail.swift */,
				B54491EE28D1562F00DF79F4 /* HikeView.swift */,
				B544920C28D16D8100DF79F4 /* HikeBadge.swift */,
			);
			path = Hikes;
			sourceTree = "<group>";
		};
		B54491F728D15D2300DF79F4 /* Categories */ = {
			isa = PBXGroup;
			children = (
				B54491F828D15D5600DF79F4 /* CategoryHome.swift */,
				B54491FB28D1600400DF79F4 /* CategoryRow.swift */,
				B54491FE28D161AE00DF79F4 /* CategoryItem.swift */,
			);
			path = Categories;
			sourceTree = "<group>";
		};
		B544920528D16BB100DF79F4 /* Profiles */ = {
			isa = PBXGroup;
			children = (
				B544920628D16BC300DF79F4 /* ProfileHost.swift */,
				B544920928D16C1500DF79F4 /* ProfileSummary.swift */,
				B544920F28D1910000DF79F4 /* ProfileEditor.swift */,
			);
			path = Profiles;
			sourceTree = "<group>";
		};
		B544921228D198C000DF79F4 /* PageView */ = {
			isa = PBXGroup;
			children = (
				B544921328D198DB00DF79F4 /* PageViewController.swift */,
				B544921928D1A2B500DF79F4 /* PageView.swift */,
				B544921628D1A01B00DF79F4 /* FeatureCard.swift */,
				B544921C28D1AC7E00DF79F4 /* PageControl.swift */,
			);
			path = PageView;
			sourceTree = "<group>";
		};
/* End PBXGroup section */

/* Begin PBXNativeTarget section */
		B544919128C971D800DF79F4 /* Landmarks (iOS) */ = {
			isa = PBXNativeTarget;
			buildConfigurationList = B54491A328C971D800DF79F4 /* Build configuration list for PBXNativeTarget "Landmarks (iOS)" */;
			buildPhases = (
				B544918E28C971D800DF79F4 /* Sources */,
				B544918F28C971D800DF79F4 /* Frameworks */,
				B544919028C971D800DF79F4 /* Resources */,
			);
			buildRules = (
			);
			dependencies = (
			);
			name = "Landmarks (iOS)";
			productName = "Landmarks (iOS)";
			productReference = B544919228C971D800DF79F4 /* Landmarks.app */;
			productType = "com.apple.product-type.application";
		};
		B544919728C971D800DF79F4 /* Landmarks (macOS) */ = {
			isa = PBXNativeTarget;
			buildConfigurationList = B54491A628C971D800DF79F4 /* Build configuration list for PBXNativeTarget "Landmarks (macOS)" */;
			buildPhases = (
				B544919428C971D800DF79F4 /* Sources */,
				B544919528C971D800DF79F4 /* Frameworks */,
				B544919628C971D800DF79F4 /* Resources */,
			);
			buildRules = (
			);
			dependencies = (
			);
			name = "Landmarks (macOS)";
			productName = "Landmarks (macOS)";
			productReference = B544919828C971D800DF79F4 /* Landmarks.app */;
			productType = "com.apple.product-type.application";
		};
/* End PBXNativeTarget section */

/* Begin PBXProject section */
		B544918628C971D600DF79F4 /* Project object */ = {
			isa = PBXProject;
			attributes = {
				BuildIndependentTargetsInParallel = 1;
				LastSwiftUpdateCheck = 1340;
				LastUpgradeCheck = 1340;
				TargetAttributes = {
					B544919128C971D800DF79F4 = {
						CreatedOnToolsVersion = 13.4.1;
					};
					B544919728C971D800DF79F4 = {
						CreatedOnToolsVersion = 13.4.1;
					};
				};
			};
			buildConfigurationList = B544918928C971D600DF79F4 /* Build configuration list for PBXProject "Landmarks" */;
			compatibilityVersion = "Xcode 13.0";
			developmentRegion = en;
			hasScannedForEncodings = 0;
			knownRegions = (
				en,
				Base,
			);
			mainGroup = B544918528C971D600DF79F4;
			productRefGroup = B544919328C971D800DF79F4 /* Products */;
			projectDirPath = "";
			projectRoot = "";
			targets = (
				B544919128C971D800DF79F4 /* Landmarks (iOS) */,
				B544919728C971D800DF79F4 /* Landmarks (macOS) */,
			);
		};
/* End PBXProject section */

/* Begin PBXResourcesBuildPhase section */
		B544919028C971D800DF79F4 /* Resources */ = {
			isa = PBXResourcesBuildPhase;
			buildActionMask = 2147483647;
			files = (
				B544919F28C971D800DF79F4 /* Assets.xcassets in Resources */,
				B54491E528D07DB700DF79F4 /* hikeData.json in Resources */,
				B54491B328D016FE00DF79F4 /* landmarkData.json in Resources */,
			);
			runOnlyForDeploymentPostprocessing = 0;
		};
		B544919628C971D800DF79F4 /* Resources */ = {
			isa = PBXResourcesBuildPhase;
			buildActionMask = 2147483647;
			files = (
				B54491A028C971D800DF79F4 /* Assets.xcassets in Resources */,
				B54491E628D07DB700DF79F4 /* hikeData.json in Resources */,
				B54491B428D016FE00DF79F4 /* landmarkData.json in Resources */,
			);
			runOnlyForDeploymentPostprocessing = 0;
		};
/* End PBXResourcesBuildPhase section */

/* Begin PBXSourcesBuildPhase section */
		B544918E28C971D800DF79F4 /* Sources */ = {
			isa = PBXSourcesBuildPhase;
			buildActionMask = 2147483647;
			files = (
				B54491FC28D1600400DF79F4 /* CategoryRow.swift in Sources */,
				B544920228D16A2600DF79F4 /* Profile.swift in Sources */,
				B544919D28C971D800DF79F4 /* ContentView.swift in Sources */,
				B54491F928D15D5600DF79F4 /* CategoryHome.swift in Sources */,
				B544921728D1A01B00DF79F4 /* FeatureCard.swift in Sources */,
				B54491F128D1562F00DF79F4 /* HikeGraph.swift in Sources */,
				B54491E228D078CA00DF79F4 /* Badge.swift in Sources */,
				B54491B028D0106600DF79F4 /* MapView.swift in Sources */,
				B54491EF28D1562F00DF79F4 /* GraphCapsule.swift in Sources */,
				B544919B28C971D800DF79F4 /* LandmarksApp.swift in Sources */,
				B544921D28D1AC7E00DF79F4 /* PageControl.swift in Sources */,
				B54491D028D056B300DF79F4 /* FavoriteButton.swift in Sources */,
				B54491FF28D161AE00DF79F4 /* CategoryItem.swift in Sources */,
				B54491F328D1562F00DF79F4 /* HikeDetail.swift in Sources */,
				B544920A28D16C1500DF79F4 /* ProfileSummary.swift in Sources */,
				B54491D528D05A3000DF79F4 /* HexagonParameters.swift in Sources */,
				B544920728D16BC300DF79F4 /* ProfileHost.swift in Sources */,
				B54491E828D07DE500DF79F4 /* Hike.swift in Sources */,
				B54491DE28D0772700DF79F4 /* RotatedBadgeSymbol.swift in Sources */,
				B544921A28D1A2B500DF79F4 /* PageView.swift in Sources */,
				B54491DB28D0744A00DF79F4 /* BadgeSymbol.swift in Sources */,
				B544921028D1910000DF79F4 /* ProfileEditor.swift in Sources */,
				B54491CA28D0390400DF79F4 /* LandmarkList.swift in Sources */,
				B54491F528D1562F00DF79F4 /* HikeView.swift in Sources */,
				B54491CD28D03AC200DF79F4 /* LandmarkDetail.swift in Sources */,
				B544921428D198DB00DF79F4 /* PageViewController.swift in Sources */,
				B54491D828D05CBF00DF79F4 /* BadgeBackground.swift in Sources */,
				B544920D28D16D8100DF79F4 /* HikeBadge.swift in Sources */,
				B54491AD28D00F9600DF79F4 /* CircleImage.swift in Sources */,
				B54491B628D0171B00DF79F4 /* Landmark.swift in Sources */,
				B54491C728D01E4E00DF79F4 /* LandmarkRow.swift in Sources */,
				B54491B928D01A3000DF79F4 /* ModelData.swift in Sources */,
			);
			runOnlyForDeploymentPostprocessing = 0;
		};
		B544919428C971D800DF79F4 /* Sources */ = {
			isa = PBXSourcesBuildPhase;
			buildActionMask = 2147483647;
			files = (
				B54491FD28D1600400DF79F4 /* CategoryRow.swift in Sources */,
				B544920328D16A2600DF79F4 /* Profile.swift in Sources */,
				B544919E28C971D800DF79F4 /* ContentView.swift in Sources */,
				B54491FA28D15D5600DF79F4 /* CategoryHome.swift in Sources */,
				B544921828D1A01B00DF79F4 /* FeatureCard.swift in Sources */,
				B54491F228D1562F00DF79F4 /* HikeGraph.swift in Sources */,
				B54491E328D078CA00DF79F4 /* Badge.swift in Sources */,
				B54491B128D0106600DF79F4 /* MapView.swift in Sources */,
				B54491F028D1562F00DF79F4 /* GraphCapsule.swift in Sources */,
				B544919C28C971D800DF79F4 /* LandmarksApp.swift in Sources */,
				B544921E28D1AC7E00DF79F4 /* PageControl.swift in Sources */,
				B54491D128D056B300DF79F4 /* FavoriteButton.swift in Sources */,
				B544920028D161AE00DF79F4 /* CategoryItem.swift in Sources */,
				B54491F428D1562F00DF79F4 /* HikeDetail.swift in Sources */,
				B544920B28D16C1500DF79F4 /* ProfileSummary.swift in Sources */,
				B54491D628D05A3000DF79F4 /* HexagonParameters.swift in Sources */,
				B544920828D16BC300DF79F4 /* ProfileHost.swift in Sources */,
				B54491E928D07DE500DF79F4 /* Hike.swift in Sources */,
				B54491DF28D0772700DF79F4 /* RotatedBadgeSymbol.swift in Sources */,
				B544921B28D1A2B500DF79F4 /* PageView.swift in Sources */,
				B54491DC28D0744A00DF79F4 /* BadgeSymbol.swift in Sources */,
				B544921128D1910000DF79F4 /* ProfileEditor.swift in Sources */,
				B54491CB28D0390400DF79F4 /* LandmarkList.swift in Sources */,
				B54491F628D1562F00DF79F4 /* HikeView.swift in Sources */,
				B54491CE28D03AC200DF79F4 /* LandmarkDetail.swift in Sources */,
				B544921528D198DB00DF79F4 /* PageViewController.swift in Sources */,
				B54491D928D05CBF00DF79F4 /* BadgeBackground.swift in Sources */,
				B544920E28D16D8100DF79F4 /* HikeBadge.swift in Sources */,
				B54491AE28D00F9600DF79F4 /* CircleImage.swift in Sources */,
				B54491B728D0171B00DF79F4 /* Landmark.swift in Sources */,
				B54491C828D01E4E00DF79F4 /* LandmarkRow.swift in Sources */,
				B54491BA28D01A3000DF79F4 /* ModelData.swift in Sources */,
			);
			runOnlyForDeploymentPostprocessing = 0;
		};
/* End PBXSourcesBuildPhase section */

/* Begin XCBuildConfiguration section */
		B54491A128C971D800DF79F4 /* Debug */ = {
			isa = XCBuildConfiguration;
			buildSettings = {
				ALWAYS_SEARCH_USER_PATHS = NO;
				CLANG_ANALYZER_NONNULL = YES;
				CLANG_ANALYZER_NUMBER_OBJECT_CONVERSION = YES_AGGRESSIVE;
				CLANG_CXX_LANGUAGE_STANDARD = "gnu++17";
				CLANG_ENABLE_MODULES = YES;
				CLANG_ENABLE_OBJC_ARC = YES;
				CLANG_ENABLE_OBJC_WEAK = YES;
				CLANG_WARN_BLOCK_CAPTURE_AUTORELEASING = YES;
				CLANG_WARN_BOOL_CONVERSION = YES;
				CLANG_WARN_COMMA = YES;
				CLANG_WARN_CONSTANT_CONVERSION = YES;
				CLANG_WARN_DEPRECATED_OBJC_IMPLEMENTATIONS = YES;
				CLANG_WARN_DIRECT_OBJC_ISA_USAGE = YES_ERROR;
				CLANG_WARN_DOCUMENTATION_COMMENTS = YES;
				CLANG_WARN_EMPTY_BODY = YES;
				CLANG_WARN_ENUM_CONVERSION = YES;
				CLANG_WARN_INFINITE_RECURSION = YES;
				CLANG_WARN_INT_CONVERSION = YES;
				CLANG_WARN_NON_LITERAL_NULL_CONVERSION = YES;
				CLANG_WARN_OBJC_IMPLICIT_RETAIN_SELF = YES;
				CLANG_WARN_OBJC_LITERAL_CONVERSION = YES;
				CLANG_WARN_OBJC_ROOT_CLASS = YES_ERROR;
				CLANG_WARN_QUOTED_INCLUDE_IN_FRAMEWORK_HEADER = YES;
				CLANG_WARN_RANGE_LOOP_ANALYSIS = YES;
				CLANG_WARN_STRICT_PROTOTYPES = YES;
				CLANG_WARN_SUSPICIOUS_MOVE = YES;
				CLANG_WARN_UNGUARDED_AVAILABILITY = YES_AGGRESSIVE;
				CLANG_WARN_UNREACHABLE_CODE = YES;
				CLANG_WARN__DUPLICATE_METHOD_MATCH = YES;
				COPY_PHASE_STRIP = NO;
				DEBUG_INFORMATION_FORMAT = dwarf;
				ENABLE_STRICT_OBJC_MSGSEND = YES;
				ENABLE_TESTABILITY = YES;
				GCC_C_LANGUAGE_STANDARD = gnu11;
				GCC_DYNAMIC_NO_PIC = NO;
				GCC_NO_COMMON_BLOCKS = YES;
				GCC_OPTIMIZATION_LEVEL = 0;
				GCC_PREPROCESSOR_DEFINITIONS = (
					"DEBUG=1",
					"$(inherited)",
				);
				GCC_WARN_64_TO_32_BIT_CONVERSION = YES;
				GCC_WARN_ABOUT_RETURN_TYPE = YES_ERROR;
				GCC_WARN_UNDECLARED_SELECTOR = YES;
				GCC_WARN_UNINITIALIZED_AUTOS = YES_AGGRESSIVE;
				GCC_WARN_UNUSED_FUNCTION = YES;
				GCC_WARN_UNUSED_VARIABLE = YES;
				MTL_ENABLE_DEBUG_INFO = INCLUDE_SOURCE;
				MTL_FAST_MATH = YES;
				ONLY_ACTIVE_ARCH = YES;
				SWIFT_ACTIVE_COMPILATION_CONDITIONS = DEBUG;
				SWIFT_OPTIMIZATION_LEVEL = "-Onone";
			};
			name = Debug;
		};
		B54491A228C971D800DF79F4 /* Release */ = {
			isa = XCBuildConfiguration;
			buildSettings = {
				ALWAYS_SEARCH_USER_PATHS = NO;
				CLANG_ANALYZER_NONNULL = YES;
				CLANG_ANALYZER_NUMBER_OBJECT_CONVERSION = YES_AGGRESSIVE;
				CLANG_CXX_LANGUAGE_STANDARD = "gnu++17";
				CLANG_ENABLE_MODULES = YES;
				CLANG_ENABLE_OBJC_ARC = YES;
				CLANG_ENABLE_OBJC_WEAK = YES;
				CLANG_WARN_BLOCK_CAPTURE_AUTORELEASING = YES;
				CLANG_WARN_BOOL_CONVERSION = YES;
				CLANG_WARN_COMMA = YES;
				CLANG_WARN_CONSTANT_CONVERSION = YES;
				CLANG_WARN_DEPRECATED_OBJC_IMPLEMENTATIONS = YES;
				CLANG_WARN_DIRECT_OBJC_ISA_USAGE = YES_ERROR;
				CLANG_WARN_DOCUMENTATION_COMMENTS = YES;
				CLANG_WARN_EMPTY_BODY = YES;
				CLANG_WARN_ENUM_CONVERSION = YES;
				CLANG_WARN_INFINITE_RECURSION = YES;
				CLANG_WARN_INT_CONVERSION = YES;
				CLANG_WARN_NON_LITERAL_NULL_CONVERSION = YES;
				CLANG_WARN_OBJC_IMPLICIT_RETAIN_SELF = YES;
				CLANG_WARN_OBJC_LITERAL_CONVERSION = YES;
				CLANG_WARN_OBJC_ROOT_CLASS = YES_ERROR;
				CLANG_WARN_QUOTED_INCLUDE_IN_FRAMEWORK_HEADER = YES;
				CLANG_WARN_RANGE_LOOP_ANALYSIS = YES;
				CLANG_WARN_STRICT_PROTOTYPES = YES;
				CLANG_WARN_SUSPICIOUS_MOVE = YES;
				CLANG_WARN_UNGUARDED_AVAILABILITY = YES_AGGRESSIVE;
				CLANG_WARN_UNREACHABLE_CODE = YES;
				CLANG_WARN__DUPLICATE_METHOD_MATCH = YES;
				COPY_PHASE_STRIP = NO;
				DEBUG_INFORMATION_FORMAT = "dwarf-with-dsym";
				ENABLE_NS_ASSERTIONS = NO;
				ENABLE_STRICT_OBJC_MSGSEND = YES;
				GCC_C_LANGUAGE_STANDARD = gnu11;
				GCC_NO_COMMON_BLOCKS = YES;
				GCC_WARN_64_TO_32_BIT_CONVERSION = YES;
				GCC_WARN_ABOUT_RETURN_TYPE = YES_ERROR;
				GCC_WARN_UNDECLARED_SELECTOR = YES;
				GCC_WARN_UNINITIALIZED_AUTOS = YES_AGGRESSIVE;
				GCC_WARN_UNUSED_FUNCTION = YES;
				GCC_WARN_UNUSED_VARIABLE = YES;
				MTL_ENABLE_DEBUG_INFO = NO;
				MTL_FAST_MATH = YES;
				SWIFT_COMPILATION_MODE = wholemodule;
				SWIFT_OPTIMIZATION_LEVEL = "-O";
			};
			name = Release;
		};
		B54491A428C971D800DF79F4 /* Debug */ = {
			isa = XCBuildConfiguration;
			buildSettings = {
				ASSETCATALOG_COMPILER_APPICON_NAME = AppIcon;
				ASSETCATALOG_COMPILER_GLOBAL_ACCENT_COLOR_NAME = AccentColor;
				CODE_SIGN_STYLE = Automatic;
				CURRENT_PROJECT_VERSION = 1;
				ENABLE_PREVIEWS = YES;
				GENERATE_INFOPLIST_FILE = YES;
				INFOPLIST_KEY_UIApplicationSceneManifest_Generation = YES;
				INFOPLIST_KEY_UIApplicationSupportsIndirectInputEvents = YES;
				INFOPLIST_KEY_UILaunchScreen_Generation = YES;
				INFOPLIST_KEY_UISupportedInterfaceOrientations_iPad = "UIInterfaceOrientationPortrait UIInterfaceOrientationPortraitUpsideDown UIInterfaceOrientationLandscapeLeft UIInterfaceOrientationLandscapeRight";
				INFOPLIST_KEY_UISupportedInterfaceOrientations_iPhone = "UIInterfaceOrientationPortrait UIInterfaceOrientationLandscapeLeft UIInterfaceOrientationLandscapeRight";
				IPHONEOS_DEPLOYMENT_TARGET = 15.5;
				LD_RUNPATH_SEARCH_PATHS = (
					"$(inherited)",
					"@executable_path/Frameworks",
				);
				MARKETING_VERSION = 1.0;
				PRODUCT_BUNDLE_IDENTIFIER = yunjung.Landmarks;
				PRODUCT_NAME = Landmarks;
				SDKROOT = iphoneos;
				SWIFT_EMIT_LOC_STRINGS = YES;
				SWIFT_VERSION = 5.0;
				TARGETED_DEVICE_FAMILY = "1,2";
			};
			name = Debug;
		};
		B54491A528C971D800DF79F4 /* Release */ = {
			isa = XCBuildConfiguration;
			buildSettings = {
				ASSETCATALOG_COMPILER_APPICON_NAME = AppIcon;
				ASSETCATALOG_COMPILER_GLOBAL_ACCENT_COLOR_NAME = AccentColor;
				CODE_SIGN_STYLE = Automatic;
				CURRENT_PROJECT_VERSION = 1;
				ENABLE_PREVIEWS = YES;
				GENERATE_INFOPLIST_FILE = YES;
				INFOPLIST_KEY_UIApplicationSceneManifest_Generation = YES;
				INFOPLIST_KEY_UIApplicationSupportsIndirectInputEvents = YES;
				INFOPLIST_KEY_UILaunchScreen_Generation = YES;
				INFOPLIST_KEY_UISupportedInterfaceOrientations_iPad = "UIInterfaceOrientationPortrait UIInterfaceOrientationPortraitUpsideDown UIInterfaceOrientationLandscapeLeft UIInterfaceOrientationLandscapeRight";
				INFOPLIST_KEY_UISupportedInterfaceOrientations_iPhone = "UIInterfaceOrientationPortrait UIInterfaceOrientationLandscapeLeft UIInterfaceOrientationLandscapeRight";
				IPHONEOS_DEPLOYMENT_TARGET = 15.5;
				LD_RUNPATH_SEARCH_PATHS = (
					"$(inherited)",
					"@executable_path/Frameworks",
				);
				MARKETING_VERSION = 1.0;
				PRODUCT_BUNDLE_IDENTIFIER = yunjung.Landmarks;
				PRODUCT_NAME = Landmarks;
				SDKROOT = iphoneos;
				SWIFT_EMIT_LOC_STRINGS = YES;
				SWIFT_VERSION = 5.0;
				TARGETED_DEVICE_FAMILY = "1,2";
				VALIDATE_PRODUCT = YES;
			};
			name = Release;
		};
		B54491A728C971D800DF79F4 /* Debug */ = {
			isa = XCBuildConfiguration;
			buildSettings = {
				ASSETCATALOG_COMPILER_APPICON_NAME = AppIcon;
				ASSETCATALOG_COMPILER_GLOBAL_ACCENT_COLOR_NAME = AccentColor;
				CODE_SIGN_ENTITLEMENTS = macOS/macOS.entitlements;
				CODE_SIGN_STYLE = Automatic;
				COMBINE_HIDPI_IMAGES = YES;
				CURRENT_PROJECT_VERSION = 1;
				ENABLE_PREVIEWS = YES;
				GENERATE_INFOPLIST_FILE = YES;
				INFOPLIST_KEY_NSHumanReadableCopyright = "";
				LD_RUNPATH_SEARCH_PATHS = (
					"$(inherited)",
					"@executable_path/../Frameworks",
				);
				MACOSX_DEPLOYMENT_TARGET = 12.3;
				MARKETING_VERSION = 1.0;
				PRODUCT_BUNDLE_IDENTIFIER = yunjung.Landmarks;
				PRODUCT_NAME = Landmarks;
				SDKROOT = macosx;
				SWIFT_EMIT_LOC_STRINGS = YES;
				SWIFT_VERSION = 5.0;
			};
			name = Debug;
		};
		B54491A828C971D800DF79F4 /* Release */ = {
			isa = XCBuildConfiguration;
			buildSettings = {
				ASSETCATALOG_COMPILER_APPICON_NAME = AppIcon;
				ASSETCATALOG_COMPILER_GLOBAL_ACCENT_COLOR_NAME = AccentColor;
				CODE_SIGN_ENTITLEMENTS = macOS/macOS.entitlements;
				CODE_SIGN_STYLE = Automatic;
				COMBINE_HIDPI_IMAGES = YES;
				CURRENT_PROJECT_VERSION = 1;
				ENABLE_PREVIEWS = YES;
				GENERATE_INFOPLIST_FILE = YES;
				INFOPLIST_KEY_NSHumanReadableCopyright = "";
				LD_RUNPATH_SEARCH_PATHS = (
					"$(inherited)",
					"@executable_path/../Frameworks",
				);
				MACOSX_DEPLOYMENT_TARGET = 12.3;
				MARKETING_VERSION = 1.0;
				PRODUCT_BUNDLE_IDENTIFIER = yunjung.Landmarks;
				PRODUCT_NAME = Landmarks;
				SDKROOT = macosx;
				SWIFT_EMIT_LOC_STRINGS = YES;
				SWIFT_VERSION = 5.0;
			};
			name = Release;
		};
/* End XCBuildConfiguration section */

/* Begin XCConfigurationList section */
		B544918928C971D600DF79F4 /* Build configuration list for PBXProject "Landmarks" */ = {
			isa = XCConfigurationList;
			buildConfigurations = (
				B54491A128C971D800DF79F4 /* Debug */,
				B54491A228C971D800DF79F4 /* Release */,
			);
			defaultConfigurationIsVisible = 0;
			defaultConfigurationName = Release;
		};
		B54491A328C971D800DF79F4 /* Build configuration list for PBXNativeTarget "Landmarks (iOS)" */ = {
			isa = XCConfigurationList;
			buildConfigurations = (
				B54491A428C971D800DF79F4 /* Debug */,
				B54491A528C971D800DF79F4 /* Release */,
			);
			defaultConfigurationIsVisible = 0;
			defaultConfigurationName = Release;
		};
		B54491A628C971D800DF79F4 /* Build configuration list for PBXNativeTarget "Landmarks (macOS)" */ = {
			isa = XCConfigurationList;
			buildConfigurations = (
				B54491A728C971D800DF79F4 /* Debug */,
				B54491A828C971D800DF79F4 /* Release */,
			);
			defaultConfigurationIsVisible = 0;
			defaultConfigurationName = Release;
		};
/* End XCConfigurationList section */
	};
	rootObject = B544918628C971D600DF79F4 /* Project object */;
}
